
Microsoft Visual Studio Solution File, Format Version 12.00
# Visual Studio Version 17
VisualStudioVersion = 17.9.34518.117
MinimumVisualStudioVersion = 10.0.40219.1
Project("{9A19103F-16F7-4668-BE54-9A1E7A4F7556}") = "Transmitly.TemplateEngine.Fluid", "src\Transmitly.TemplateEngine.Fluid\Transmitly.TemplateEngine.Fluid.csproj", "{5702295F-8CB2-4409-8031-A91EF9D38094}"
EndProject
Global
	GlobalSection(SolutionConfigurationPlatforms) = preSolution
		Debug|Any CPU = Debug|Any CPU
		Release|Any CPU = Release|Any CPU
	EndGlobalSection
	GlobalSection(ProjectConfigurationPlatforms) = postSolution
		{5702295F-8CB2-4409-8031-A91EF9D38094}.Debug|Any CPU.ActiveCfg = Debug|Any CPU
		{5702295F-8CB2-4409-8031-A91EF9D38094}.Debug|Any CPU.Build.0 = Debug|Any CPU
		{5702295F-8CB2-4409-8031-A91EF9D38094}.Release|Any CPU.ActiveCfg = Release|Any CPU
		{5702295F-8CB2-4409-8031-A91EF9D38094}.Release|Any CPU.Build.0 = Release|Any CPU
	EndGlobalSection
	GlobalSection(SolutionProperties) = preSolution
		HideSolutionNode = FALSE
	EndGlobalSection
	GlobalSection(ExtensibilityGlobals) = postSolution
		SolutionGuid = {C5A101F0-90ED-4F26-AF55-9BC38DF4BBB8}
	EndGlobalSection
EndGlobal
